
Microsoft Visual Studio Solution File, Format Version 12.00
# Visual Studio Version 17
VisualStudioVersion = 17.11.35222.181
MinimumVisualStudioVersion = 10.0.40219.1
Project("{11A8DD76-328B-46DF-9F39-F559912D0360}") = "MagicMonitor", "MagicMonitor\MagicMonitor.nfproj", "{3DABE23C-CD07-4AC0-BBAF-4F72178698DC}"
EndProject
Project("{11A8DD76-328B-46DF-9F39-F559912D0360}") = "MagicMonitor.RestApi", "MagicMonitor.RestApi\MagicMonitor.RestApi.nfproj", "{0D2E6C6E-95BF-49D2-A721-0ADD40938371}"
EndProject
Project("{2150E333-8FDC-42A3-9474-1A3956D46DE8}") = "Solution Items", "Solution Items", "{36972FDA-DA24-4CD8-9ED5-50B027392F12}"
	ProjectSection(SolutionItems) = preProject
		README.md = README.md
	EndProjectSection
EndProject
Project("{11A8DD76-328B-46DF-9F39-F559912D0360}") = "MagicMonitor.Common", "MagicMonitor.Common\MagicMonitor.Common.nfproj", "{FBD9F4DE-969B-4353-A9F2-368C68862A9E}"
EndProject
Project("{11A8DD76-328B-46DF-9F39-F559912D0360}") = "MagicMonitor.Bluetooth.ImprovWifi", "MagicMonitor.Bluetooth.ImprovWifi\MagicMonitor.Bluetooth.ImprovWifi.nfproj", "{A078F614-E186-4A49-A414-08B1057BA81C}"
EndProject
Project("{11A8DD76-328B-46DF-9F39-F559912D0360}") = "MagicMonitor.Display.Ili9341", "MagicMonitor.Display.Ili9341\MagicMonitor.Display.Ili9341.nfproj", "{F6522002-BF06-44A8-9828-1E75D6DC53C9}"
EndProject
Project("{11A8DD76-328B-46DF-9F39-F559912D0360}") = "MagicMonitor.Bluetooth.CollectorService", "MagicMonitor.Bluetooth.CollectorService\MagicMonitor.Bluetooth.CollectorService.nfproj", "{156D1F4E-A606-4034-B84A-5F5945B6853C}"
EndProject
Project("{11A8DD76-328B-46DF-9F39-F559912D0360}") = "MagicMonitor.Bluetooth.Sender", "MagicMonitor.Bluetooth.Sender\MagicMonitor.Bluetooth.Sender.nfproj", "{9CD33612-A05F-48B0-A309-3E4938670CAB}"
EndProject
Project("{11A8DD76-328B-46DF-9F39-F559912D0360}") = "MagicMonitor.Device.Master", "MagicMonitor.Device.Master\MagicMonitor.Device.Master.nfproj", "{BF643C61-71D9-408E-9C93-791FB6D429B7}"
EndProject
Project("{11A8DD76-328B-46DF-9F39-F559912D0360}") = "MagicMonitor.Device.Remote", "MagicMonitor.Device.Remote\MagicMonitor.Device.Remote.nfproj", "{F124896F-8F04-42BF-9440-355A28BDE00E}"
EndProject
Project("{11A8DD76-328B-46DF-9F39-F559912D0360}") = "MagicMonitor.Sensors.Bmxx80", "MagicMonitor.Sensors.Bmxx80\MagicMonitor.Sensors.Bmxx80.nfproj", "{4F7F4838-57EE-44AB-AC6D-2D41464CEB51}"
EndProject
Project("{11A8DD76-328B-46DF-9F39-F559912D0360}") = "MagicMonitor.Sensors.Athxx", "MagicMonitor.Sensors.Athxx\MagicMonitor.Sensors.Athxx.nfproj", "{ABE51849-8C04-4F5A-BF76-514AA144A0EF}"
EndProject
Project("{11A8DD76-328B-46DF-9F39-F559912D0360}") = "MagicMonitor.Touch.Ft6xx6x", "MagicMonitor.Touch.Ft6xx6x\MagicMonitor.Touch.Ft6xx6x.nfproj", "{DE7E9B50-FF79-4BD2-9964-E235FB6B365F}"
EndProject
Project("{11A8DD76-328B-46DF-9F39-F559912D0360}") = "MagicMonitor.Sensors.Ens160", "MagicMonitor.Sensors.Ens160\MagicMonitor.Sensors.Ens160.nfproj", "{17F86EBD-4934-4F7D-B954-F777947D30B0}"
EndProject
Global
	GlobalSection(SolutionConfigurationPlatforms) = preSolution
		Debug|Any CPU = Debug|Any CPU
		Release|Any CPU = Release|Any CPU
	EndGlobalSection
	GlobalSection(ProjectConfigurationPlatforms) = postSolution
		{3DABE23C-CD07-4AC0-BBAF-4F72178698DC}.Debug|Any CPU.ActiveCfg = Debug|Any CPU
		{3DABE23C-CD07-4AC0-BBAF-4F72178698DC}.Debug|Any CPU.Build.0 = Debug|Any CPU
		{3DABE23C-CD07-4AC0-BBAF-4F72178698DC}.Debug|Any CPU.Deploy.0 = Debug|Any CPU
		{3DABE23C-CD07-4AC0-BBAF-4F72178698DC}.Release|Any CPU.ActiveCfg = Release|Any CPU
		{3DABE23C-CD07-4AC0-BBAF-4F72178698DC}.Release|Any CPU.Build.0 = Release|Any CPU
		{3DABE23C-CD07-4AC0-BBAF-4F72178698DC}.Release|Any CPU.Deploy.0 = Release|Any CPU
		{0D2E6C6E-95BF-49D2-A721-0ADD40938371}.Debug|Any CPU.ActiveCfg = Debug|Any CPU
		{0D2E6C6E-95BF-49D2-A721-0ADD40938371}.Debug|Any CPU.Build.0 = Debug|Any CPU
		{0D2E6C6E-95BF-49D2-A721-0ADD40938371}.Debug|Any CPU.Deploy.0 = Debug|Any CPU
		{0D2E6C6E-95BF-49D2-A721-0ADD40938371}.Release|Any CPU.ActiveCfg = Release|Any CPU
		{0D2E6C6E-95BF-49D2-A721-0ADD40938371}.Release|Any CPU.Build.0 = Release|Any CPU
		{0D2E6C6E-95BF-49D2-A721-0ADD40938371}.Release|Any CPU.Deploy.0 = Release|Any CPU
		{FBD9F4DE-969B-4353-A9F2-368C68862A9E}.Debug|Any CPU.ActiveCfg = Debug|Any CPU
		{FBD9F4DE-969B-4353-A9F2-368C68862A9E}.Debug|Any CPU.Build.0 = Debug|Any CPU
		{FBD9F4DE-969B-4353-A9F2-368C68862A9E}.Debug|Any CPU.Deploy.0 = Debug|Any CPU
		{FBD9F4DE-969B-4353-A9F2-368C68862A9E}.Release|Any CPU.ActiveCfg = Release|Any CPU
		{FBD9F4DE-969B-4353-A9F2-368C68862A9E}.Release|Any CPU.Build.0 = Release|Any CPU
		{FBD9F4DE-969B-4353-A9F2-368C68862A9E}.Release|Any CPU.Deploy.0 = Release|Any CPU
		{A078F614-E186-4A49-A414-08B1057BA81C}.Debug|Any CPU.ActiveCfg = Debug|Any CPU
		{A078F614-E186-4A49-A414-08B1057BA81C}.Debug|Any CPU.Build.0 = Debug|Any CPU
		{A078F614-E186-4A49-A414-08B1057BA81C}.Debug|Any CPU.Deploy.0 = Debug|Any CPU
		{A078F614-E186-4A49-A414-08B1057BA81C}.Release|Any CPU.ActiveCfg = Release|Any CPU
		{A078F614-E186-4A49-A414-08B1057BA81C}.Release|Any CPU.Build.0 = Release|Any CPU
		{A078F614-E186-4A49-A414-08B1057BA81C}.Release|Any CPU.Deploy.0 = Release|Any CPU
		{F6522002-BF06-44A8-9828-1E75D6DC53C9}.Debug|Any CPU.ActiveCfg = Debug|Any CPU
		{F6522002-BF06-44A8-9828-1E75D6DC53C9}.Debug|Any CPU.Build.0 = Debug|Any CPU
		{F6522002-BF06-44A8-9828-1E75D6DC53C9}.Debug|Any CPU.Deploy.0 = Debug|Any CPU
		{F6522002-BF06-44A8-9828-1E75D6DC53C9}.Release|Any CPU.ActiveCfg = Release|Any CPU
		{F6522002-BF06-44A8-9828-1E75D6DC53C9}.Release|Any CPU.Build.0 = Release|Any CPU
		{F6522002-BF06-44A8-9828-1E75D6DC53C9}.Release|Any CPU.Deploy.0 = Release|Any CPU
		{156D1F4E-A606-4034-B84A-5F5945B6853C}.Debug|Any CPU.ActiveCfg = Debug|Any CPU
		{156D1F4E-A606-4034-B84A-5F5945B6853C}.Debug|Any CPU.Build.0 = Debug|Any CPU
		{156D1F4E-A606-4034-B84A-5F5945B6853C}.Debug|Any CPU.Deploy.0 = Debug|Any CPU
		{156D1F4E-A606-4034-B84A-5F5945B6853C}.Release|Any CPU.ActiveCfg = Release|Any CPU
		{156D1F4E-A606-4034-B84A-5F5945B6853C}.Release|Any CPU.Build.0 = Release|Any CPU
		{156D1F4E-A606-4034-B84A-5F5945B6853C}.Release|Any CPU.Deploy.0 = Release|Any CPU
		{9CD33612-A05F-48B0-A309-3E4938670CAB}.Debug|Any CPU.ActiveCfg = Debug|Any CPU
		{9CD33612-A05F-48B0-A309-3E4938670CAB}.Debug|Any CPU.Build.0 = Debug|Any CPU
		{9CD33612-A05F-48B0-A309-3E4938670CAB}.Debug|Any CPU.Deploy.0 = Debug|Any CPU
		{9CD33612-A05F-48B0-A309-3E4938670CAB}.Release|Any CPU.ActiveCfg = Release|Any CPU
		{9CD33612-A05F-48B0-A309-3E4938670CAB}.Release|Any CPU.Build.0 = Release|Any CPU
		{9CD33612-A05F-48B0-A309-3E4938670CAB}.Release|Any CPU.Deploy.0 = Release|Any CPU
		{BF643C61-71D9-408E-9C93-791FB6D429B7}.Debug|Any CPU.ActiveCfg = Debug|Any CPU
		{BF643C61-71D9-408E-9C93-791FB6D429B7}.Debug|Any CPU.Build.0 = Debug|Any CPU
		{BF643C61-71D9-408E-9C93-791FB6D429B7}.Debug|Any CPU.Deploy.0 = Debug|Any CPU
		{BF643C61-71D9-408E-9C93-791FB6D429B7}.Release|Any CPU.ActiveCfg = Release|Any CPU
		{BF643C61-71D9-408E-9C93-791FB6D429B7}.Release|Any CPU.Build.0 = Release|Any CPU
		{BF643C61-71D9-408E-9C93-791FB6D429B7}.Release|Any CPU.Deploy.0 = Release|Any CPU
		{F124896F-8F04-42BF-9440-355A28BDE00E}.Debug|Any CPU.ActiveCfg = Debug|Any CPU
		{F124896F-8F04-42BF-9440-355A28BDE00E}.Debug|Any CPU.Build.0 = Debug|Any CPU
		{F124896F-8F04-42BF-9440-355A28BDE00E}.Debug|Any CPU.Deploy.0 = Debug|Any CPU
		{F124896F-8F04-42BF-9440-355A28BDE00E}.Release|Any CPU.ActiveCfg = Release|Any CPU
		{F124896F-8F04-42BF-9440-355A28BDE00E}.Release|Any CPU.Build.0 = Release|Any CPU
		{F124896F-8F04-42BF-9440-355A28BDE00E}.Release|Any CPU.Deploy.0 = Release|Any CPU
		{4F7F4838-57EE-44AB-AC6D-2D41464CEB51}.Debug|Any CPU.ActiveCfg = Debug|Any CPU
		{4F7F4838-57EE-44AB-AC6D-2D41464CEB51}.Debug|Any CPU.Build.0 = Debug|Any CPU
		{4F7F4838-57EE-44AB-AC6D-2D41464CEB51}.Debug|Any CPU.Deploy.0 = Debug|Any CPU
		{4F7F4838-57EE-44AB-AC6D-2D41464CEB51}.Release|Any CPU.ActiveCfg = Release|Any CPU
		{4F7F4838-57EE-44AB-AC6D-2D41464CEB51}.Release|Any CPU.Build.0 = Release|Any CPU
		{4F7F4838-57EE-44AB-AC6D-2D41464CEB51}.Release|Any CPU.Deploy.0 = Release|Any CPU
		{ABE51849-8C04-4F5A-BF76-514AA144A0EF}.Debug|Any CPU.ActiveCfg = Debug|Any CPU
		{ABE51849-8C04-4F5A-BF76-514AA144A0EF}.Debug|Any CPU.Build.0 = Debug|Any CPU
		{ABE51849-8C04-4F5A-BF76-514AA144A0EF}.Debug|Any CPU.Deploy.0 = Debug|Any CPU
		{ABE51849-8C04-4F5A-BF76-514AA144A0EF}.Release|Any CPU.ActiveCfg = Release|Any CPU
		{ABE51849-8C04-4F5A-BF76-514AA144A0EF}.Release|Any CPU.Build.0 = Release|Any CPU
		{ABE51849-8C04-4F5A-BF76-514AA144A0EF}.Release|Any CPU.Deploy.0 = Release|Any CPU
		{DE7E9B50-FF79-4BD2-9964-E235FB6B365F}.Debug|Any CPU.ActiveCfg = Debug|Any CPU
		{DE7E9B50-FF79-4BD2-9964-E235FB6B365F}.Debug|Any CPU.Build.0 = Debug|Any CPU
		{DE7E9B50-FF79-4BD2-9964-E235FB6B365F}.Debug|Any CPU.Deploy.0 = Debug|Any CPU
		{DE7E9B50-FF79-4BD2-9964-E235FB6B365F}.Release|Any CPU.ActiveCfg = Release|Any CPU
		{DE7E9B50-FF79-4BD2-9964-E235FB6B365F}.Release|Any CPU.Build.0 = Release|Any CPU
		{DE7E9B50-FF79-4BD2-9964-E235FB6B365F}.Release|Any CPU.Deploy.0 = Release|Any CPU
		{17F86EBD-4934-4F7D-B954-F777947D30B0}.Debug|Any CPU.ActiveCfg = Debug|Any CPU
		{17F86EBD-4934-4F7D-B954-F777947D30B0}.Debug|Any CPU.Build.0 = Debug|Any CPU
		{17F86EBD-4934-4F7D-B954-F777947D30B0}.Debug|Any CPU.Deploy.0 = Debug|Any CPU
		{17F86EBD-4934-4F7D-B954-F777947D30B0}.Release|Any CPU.ActiveCfg = Release|Any CPU
		{17F86EBD-4934-4F7D-B954-F777947D30B0}.Release|Any CPU.Build.0 = Release|Any CPU
		{17F86EBD-4934-4F7D-B954-F777947D30B0}.Release|Any CPU.Deploy.0 = Release|Any CPU
	EndGlobalSection
	GlobalSection(SolutionProperties) = preSolution
		HideSolutionNode = FALSE
	EndGlobalSection
	GlobalSection(ExtensibilityGlobals) = postSolution
		SolutionGuid = {2027EE4A-BC2B-4FB4-A899-B111CCA3AAC6}
	EndGlobalSection
EndGlobal
